
Microsoft Visual Studio Solution File, Format Version 12.00
# Visual Studio 15
VisualStudioVersion = 15.0.27703.2047
MinimumVisualStudioVersion = 10.0.40219.1
Project("{FAE04EC0-301F-11D3-BF4B-00C04F79EFBC}") = "Logica", "Logica\Logica.csproj", "{F2389E99-A85B-41B4-8A04-860A45DD55D7}"
EndProject
Project("{FAE04EC0-301F-11D3-BF4B-00C04F79EFBC}") = "Persistencia", "Persistencia\Persistencia.csproj", "{6B677539-BA3D-47D4-90CF-5FA95CB70568}"
EndProject
Project("{FAE04EC0-301F-11D3-BF4B-00C04F79EFBC}") = "Presentacion", "Presentacion\Presentacion.csproj", "{BC4EC286-F1AF-4A49-B085-61373D018AEB}"
EndProject
Global
	GlobalSection(SolutionConfigurationPlatforms) = preSolution
		Debug|Any CPU = Debug|Any CPU
		Release|Any CPU = Release|Any CPU
	EndGlobalSection
	GlobalSection(ProjectConfigurationPlatforms) = postSolution
		{F2389E99-A85B-41B4-8A04-860A45DD55D7}.Debug|Any CPU.ActiveCfg = Debug|Any CPU
		{F2389E99-A85B-41B4-8A04-860A45DD55D7}.Debug|Any CPU.Build.0 = Debug|Any CPU
		{F2389E99-A85B-41B4-8A04-860A45DD55D7}.Release|Any CPU.ActiveCfg = Release|Any CPU
		{F2389E99-A85B-41B4-8A04-860A45DD55D7}.Release|Any CPU.Build.0 = Release|Any CPU
		{6B677539-BA3D-47D4-90CF-5FA95CB70568}.Debug|Any CPU.ActiveCfg = Debug|Any CPU
		{6B677539-BA3D-47D4-90CF-5FA95CB70568}.Debug|Any CPU.Build.0 = Debug|Any CPU
		{6B677539-BA3D-47D4-90CF-5FA95CB70568}.Release|Any CPU.ActiveCfg = Release|Any CPU
		{6B677539-BA3D-47D4-90CF-5FA95CB70568}.Release|Any CPU.Build.0 = Release|Any CPU
		{BC4EC286-F1AF-4A49-B085-61373D018AEB}.Debug|Any CPU.ActiveCfg = Debug|Any CPU
		{BC4EC286-F1AF-4A49-B085-61373D018AEB}.Debug|Any CPU.Build.0 = Debug|Any CPU
		{BC4EC286-F1AF-4A49-B085-61373D018AEB}.Release|Any CPU.ActiveCfg = Release|Any CPU
		{BC4EC286-F1AF-4A49-B085-61373D018AEB}.Release|Any CPU.Build.0 = Release|Any CPU
	EndGlobalSection
	GlobalSection(SolutionProperties) = preSolution
		HideSolutionNode = FALSE
	EndGlobalSection
	GlobalSection(ExtensibilityGlobals) = postSolution
		SolutionGuid = {8E644671-2328-4ECD-94AF-D9F87DE75827}
	EndGlobalSection
EndGlobal
