
Microsoft Visual Studio Solution File, Format Version 12.00
# Visual Studio 15
VisualStudioVersion = 15.0.27703.2047
MinimumVisualStudioVersion = 10.0.40219.1
Project("{9A19103F-16F7-4668-BE54-9A1E7A4F7556}") = "LogicaPersistencia", "LogicaPersistencia\LogicaPersistencia.csproj", "{F2389E99-A85B-41B4-8A04-860A45DD55D7}"
EndProject
Project("{9A19103F-16F7-4668-BE54-9A1E7A4F7556}") = "Modelo", "Modelo\Modelo.csproj", "{BC4EC286-F1AF-4A49-B085-61373D018AEB}"
EndProject
Global
	GlobalSection(SolutionConfigurationPlatforms) = preSolution
		Debug|Any CPU = Debug|Any CPU
		Release|Any CPU = Release|Any CPU
	EndGlobalSection
	GlobalSection(ProjectConfigurationPlatforms) = postSolution
		{F2389E99-A85B-41B4-8A04-860A45DD55D7}.Debug|Any CPU.ActiveCfg = Debug|Any CPU
		{F2389E99-A85B-41B4-8A04-860A45DD55D7}.Debug|Any CPU.Build.0 = Debug|Any CPU
		{F2389E99-A85B-41B4-8A04-860A45DD55D7}.Release|Any CPU.ActiveCfg = Release|Any CPU
		{F2389E99-A85B-41B4-8A04-860A45DD55D7}.Release|Any CPU.Build.0 = Release|Any CPU
		{BC4EC286-F1AF-4A49-B085-61373D018AEB}.Debug|Any CPU.ActiveCfg = Debug|Any CPU
		{BC4EC286-F1AF-4A49-B085-61373D018AEB}.Debug|Any CPU.Build.0 = Debug|Any CPU
		{BC4EC286-F1AF-4A49-B085-61373D018AEB}.Release|Any CPU.ActiveCfg = Release|Any CPU
		{BC4EC286-F1AF-4A49-B085-61373D018AEB}.Release|Any CPU.Build.0 = Release|Any CPU
	EndGlobalSection
	GlobalSection(SolutionProperties) = preSolution
		HideSolutionNode = FALSE
	EndGlobalSection
	GlobalSection(ExtensibilityGlobals) = postSolution
		SolutionGuid = {8E644671-2328-4ECD-94AF-D9F87DE75827}
	EndGlobalSection
EndGlobal
